{
  "originHash" : "94af04f27a64ae85f7240265b0e4a5add471185afeedd8fb73e391273f93d871",
  "pins" : [
    {
      "identity" : "photo-editor",
      "kind" : "localSourceControl",
      "location" : "/Users/hnishiyama/Documents/repositories/photo-editor",
      "state" : {
        "branch" : "feature/spm-swift6",
        "revision" : "815e1e0c4e4c46d05d1a586b670ee3e23ca3b7a9"
      }
    }
  ],
  "version" : 3
}
