{
  "originHash" : "94af04f27a64ae85f7240265b0e4a5add471185afeedd8fb73e391273f93d871",
  "pins" : [
    {
      "identity" : "photo-editor",
      "kind" : "localSourceControl",
      "location" : "/Users/hnishiyama/Documents/repositories/photo-editor",
      "state" : {
        "branch" : "feature/spm-swift6",
        "revision" : "defb3f4ae7837e114ed3f86a50cb5071d1c596aa"
      }
    }
  ],
  "version" : 3
}
