{
  "originHash" : "94af04f27a64ae85f7240265b0e4a5add471185afeedd8fb73e391273f93d871",
  "pins" : [
    {
      "identity" : "photo-editor",
      "kind" : "localSourceControl",
      "location" : "/Users/hnishiyama/Documents/repositories/photo-editor",
      "state" : {
        "branch" : "feature/spm-swift6",
        "revision" : "7ed41dd2813c1e143860bb319fdd80246656b865"
      }
    }
  ],
  "version" : 3
}
